
Microsoft Visual Studio Solution File, Format Version 12.00
# Visual Studio Version 17
VisualStudioVersion = 17.10.35027.167
MinimumVisualStudioVersion = 10.0.40219.1
Project("{FAE04EC0-301F-11D3-BF4B-00C04F79EFBC}") = "BE_App_Scores", "BE_App_Scores\BE_App_Scores.csproj", "{BABE468C-87CC-4748-BDC6-D1EAD0097E0E}"
EndProject
Global
	GlobalSection(SolutionConfigurationPlatforms) = preSolution
		Debug|Any CPU = Debug|Any CPU
		Release|Any CPU = Release|Any CPU
	EndGlobalSection
	GlobalSection(ProjectConfigurationPlatforms) = postSolution
		{BABE468C-87CC-4748-BDC6-D1EAD0097E0E}.Debug|Any CPU.ActiveCfg = Debug|Any CPU
		{BABE468C-87CC-4748-BDC6-D1EAD0097E0E}.Debug|Any CPU.Build.0 = Debug|Any CPU
		{BABE468C-87CC-4748-BDC6-D1EAD0097E0E}.Release|Any CPU.ActiveCfg = Release|Any CPU
		{BABE468C-87CC-4748-BDC6-D1EAD0097E0E}.Release|Any CPU.Build.0 = Release|Any CPU
	EndGlobalSection
	GlobalSection(SolutionProperties) = preSolution
		HideSolutionNode = FALSE
	EndGlobalSection
	GlobalSection(ExtensibilityGlobals) = postSolution
		SolutionGuid = {6AB3671A-FF25-4BBD-9642-B09F86E0DAAC}
	EndGlobalSection
EndGlobal
